[[package]]
category = "dev"
description = "Atomic file writes."
marker = "sys_platform == \"win32\""
name = "atomicwrites"
optional = false
python-versions = ">=2.7, !=3.0.*, !=3.1.*, !=3.2.*, !=3.3.*"
version = "1.4.0"

[[package]]
category = "dev"
description = "Classes Without Boilerplate"
name = "attrs"
optional = false
python-versions = ">=2.7, !=3.0.*, !=3.1.*, !=3.2.*, !=3.3.*, !=3.4.*"
version = "21.2.0"

[package.extras]
dev = ["coverage (>=5.0.2)", "hypothesis", "pympler", "pytest (>=4.3.0)", "six", "mypy", "pytest-mypy-plugins", "zope.interface", "furo", "sphinx", "sphinx-notfound-page", "pre-commit"]
docs = ["furo", "sphinx", "zope.interface", "sphinx-notfound-page"]
tests = ["coverage (>=5.0.2)", "hypothesis", "pympler", "pytest (>=4.3.0)", "six", "mypy", "pytest-mypy-plugins", "zope.interface"]
tests_no_zope = ["coverage (>=5.0.2)", "hypothesis", "pympler", "pytest (>=4.3.0)", "six", "mypy", "pytest-mypy-plugins"]

[[package]]
category = "dev"
description = "Cross-platform colored terminal text."
marker = "sys_platform == \"win32\""
name = "colorama"
optional = false
python-versions = ">=2.7, !=3.0.*, !=3.1.*, !=3.2.*, !=3.3.*, !=3.4.*"
version = "0.4.4"

[[package]]
category = "dev"
description = "iniconfig: brain-dead simple config-ini parsing"
name = "iniconfig"
optional = false
python-versions = "*"
version = "1.1.1"

[[package]]
category = "dev"
description = "Pythonic task execution"
name = "invoke"
optional = false
python-versions = "*"
version = "1.6.0"

[[package]]
category = "dev"
description = "Core utilities for Python packages"
name = "packaging"
optional = false
python-versions = ">=3.6"
version = "21.0"

[package.dependencies]
pyparsing = ">=2.0.2"

[[package]]
category = "dev"
description = "plugin and hook calling mechanisms for python"
name = "pluggy"
optional = false
python-versions = ">=2.7, !=3.0.*, !=3.1.*, !=3.2.*, !=3.3.*"
version = "0.13.1"

[package.extras]
dev = ["pre-commit", "tox"]

[[package]]
category = "dev"
description = "library with cross-python path, ini-parsing, io, code, log facilities"
name = "py"
optional = false
python-versions = ">=2.7, !=3.0.*, !=3.1.*, !=3.2.*, !=3.3.*"
version = "1.10.0"

[[package]]
category = "dev"
description = "Call stack profiler for Python. Shows you why your code is slow!"
name = "pyinstrument"
optional = false
python-versions = ">=3.6"
version = "3.4.2"

[package.dependencies]
pyinstrument-cext = ">=0.2.2"

[[package]]
category = "dev"
description = "A CPython extension supporting pyinstrument"
name = "pyinstrument-cext"
optional = false
python-versions = "*"
version = "0.2.4"

[[package]]
category = "dev"
description = "Python parsing module"
name = "pyparsing"
optional = false
python-versions = ">=2.6, !=3.0.*, !=3.1.*, !=3.2.*"
version = "2.4.7"

[[package]]
category = "main"
description = "Help visualize profiling data from cProfile with kcachegrind and qcachegrind"
name = "pyprof2calltree"
optional = false
python-versions = ">=2.7, !=3.0.*, !=3.1.*, !=3.2.*, !=3.3.*"
version = "1.4.5"

[[package]]
category = "dev"
description = "pytest: simple powerful testing with Python"
name = "pytest"
optional = false
python-versions = ">=3.6"
version = "6.2.4"

[package.dependencies]
atomicwrites = ">=1.0"
attrs = ">=19.2.0"
colorama = "*"
iniconfig = "*"
packaging = "*"
pluggy = ">=0.12,<1.0.0a1"
py = ">=1.8.2"
toml = "*"

[package.extras]
testing = ["argcomplete", "hypothesis (>=3.56)", "mock", "nose", "requests", "xmlschema"]

[[package]]
category = "dev"
description = "pytest plugin for test data directories and files"
name = "pytest-datadir"
optional = false
python-versions = ">=2.7, !=3.0.*, !=3.1.*, !=3.2.*, !=3.3.*"
version = "1.3.1"

[package.dependencies]
pytest = ">=2.7.0"

[[package]]
category = "dev"
description = "Thin-wrapper around the mock package for easier use with pytest"
name = "pytest-mock"
optional = false
python-versions = ">=3.6"
version = "3.6.1"

[package.dependencies]
pytest = ">=5.0"

[package.extras]
dev = ["pre-commit", "tox", "pytest-asyncio"]

[[package]]
category = "dev"
description = "Python Library for Tom's Obvious, Minimal Language"
name = "toml"
optional = false
python-versions = ">=2.6, !=3.0.*, !=3.1.*, !=3.2.*"
version = "0.10.2"

[[package]]
category = "dev"
description = "Yet Another Python Profiler"
name = "yappi"
optional = false
python-versions = "*"
version = "1.3.2"

[package.extras]
test = ["gevent (>=20.6.2)"]

[metadata]
content-hash = "58a539301cda69603406614cce1b4bcf36da33cbc579560a8c7c3e76d521245d"
python-versions = "^3.8"

[metadata.files]
atomicwrites = [
    {file = "atomicwrites-1.4.0-py2.py3-none-any.whl", hash = "sha256:6d1784dea7c0c8d4a5172b6c620f40b6e4cbfdf96d783691f2e1302a7b88e197"},
    {file = "atomicwrites-1.4.0.tar.gz", hash = "sha256:ae70396ad1a434f9c7046fd2dd196fc04b12f9e91ffb859164193be8b6168a7a"},
]
attrs = [
    {file = "attrs-21.2.0-py2.py3-none-any.whl", hash = "sha256:149e90d6d8ac20db7a955ad60cf0e6881a3f20d37096140088356da6c716b0b1"},
    {file = "attrs-21.2.0.tar.gz", hash = "sha256:ef6aaac3ca6cd92904cdd0d83f629a15f18053ec84e6432106f7a4d04ae4f5fb"},
]
colorama = [
    {file = "colorama-0.4.4-py2.py3-none-any.whl", hash = "sha256:9f47eda37229f68eee03b24b9748937c7dc3868f906e8ba69fbcbdd3bc5dc3e2"},
    {file = "colorama-0.4.4.tar.gz", hash = "sha256:5941b2b48a20143d2267e95b1c2a7603ce057ee39fd88e7329b0c292aa16869b"},
]
iniconfig = [
    {file = "iniconfig-1.1.1-py2.py3-none-any.whl", hash = "sha256:011e24c64b7f47f6ebd835bb12a743f2fbe9a26d4cecaa7f53bc4f35ee9da8b3"},
    {file = "iniconfig-1.1.1.tar.gz", hash = "sha256:bc3af051d7d14b2ee5ef9969666def0cd1a000e121eaea580d4a313df4b37f32"},
]
invoke = [
    {file = "invoke-1.6.0-py2-none-any.whl", hash = "sha256:e6c9917a1e3e73e7ea91fdf82d5f151ccfe85bf30cc65cdb892444c02dbb5f74"},
    {file = "invoke-1.6.0-py3-none-any.whl", hash = "sha256:769e90caeb1bd07d484821732f931f1ad8916a38e3f3e618644687fc09cb6317"},
    {file = "invoke-1.6.0.tar.gz", hash = "sha256:374d1e2ecf78981da94bfaf95366216aaec27c2d6a7b7d5818d92da55aa258d3"},
]
packaging = [
    {file = "packaging-21.0-py3-none-any.whl", hash = "sha256:c86254f9220d55e31cc94d69bade760f0847da8000def4dfe1c6b872fd14ff14"},
    {file = "packaging-21.0.tar.gz", hash = "sha256:7dc96269f53a4ccec5c0670940a4281106dd0bb343f47b7471f779df49c2fbe7"},
]
pluggy = [
    {file = "pluggy-0.13.1-py2.py3-none-any.whl", hash = "sha256:966c145cd83c96502c3c3868f50408687b38434af77734af1e9ca461a4081d2d"},
    {file = "pluggy-0.13.1.tar.gz", hash = "sha256:15b2acde666561e1298d71b523007ed7364de07029219b604cf808bfa1c765b0"},
]
py = [
    {file = "py-1.10.0-py2.py3-none-any.whl", hash = "sha256:3b80836aa6d1feeaa108e046da6423ab8f6ceda6468545ae8d02d9d58d18818a"},
    {file = "py-1.10.0.tar.gz", hash = "sha256:21b81bda15b66ef5e1a777a21c4dcd9c20ad3efd0b3f817e7a809035269e1bd3"},
]
pyinstrument = [
    {file = "pyinstrument-3.4.2-py2.py3-none-any.whl", hash = "sha256:76aae9a43e949af65baf3a2268144cce914bc8f1f524dcaeb68deba9bd0e24f6"},
    {file = "pyinstrument-3.4.2.tar.gz", hash = "sha256:ec79f6fc6f945edd845b1c8b6470de8cb6f65a3cbb3845c533991619ffcb1636"},
]
pyinstrument-cext = [
    {file = "pyinstrument_cext-0.2.4-cp27-cp27m-macosx_10_9_x86_64.whl", hash = "sha256:c60e519708e9d493de16589e1d48a4641a4dc8cbddfe3bc49b3746f99e530b95"},
    {file = "pyinstrument_cext-0.2.4-cp27-cp27m-manylinux1_i686.whl", hash = "sha256:0709aa81b51195b2d638efd0432597bfb02a45df25a933e739342fc655ed677d"},
    {file = "pyinstrument_cext-0.2.4-cp27-cp27m-manylinux1_x86_64.whl", hash = "sha256:46ac6235604520f30f0c55214beeb687a8a13e9abc5306fcd797a77bef3a233f"},
    {file = "pyinstrument_cext-0.2.4-cp27-cp27m-manylinux2010_i686.whl", hash = "sha256:fe2eaf64e09b59c7579c775fd3ec075a0728d9be55eef673b2cdb35531b4005b"},
    {file = "pyinstrument_cext-0.2.4-cp27-cp27m-manylinux2010_x86_64.whl", hash = "sha256:f94a731013010e72beee0f8c9277a23da896427600a320ee619051a97e81533e"},
    {file = "pyinstrument_cext-0.2.4-cp27-cp27m-win32.whl", hash = "sha256:1c1478a276324e760bf6fd7f5cd27068b93e53b8b2aa1bb007fa67cde18cb533"},
    {file = "pyinstrument_cext-0.2.4-cp27-cp27m-win_amd64.whl", hash = "sha256:514088c158e334a48e6c5bd1d598a9da58997d511b570b4af165b74c82e9b641"},
    {file = "pyinstrument_cext-0.2.4-cp27-cp27mu-manylinux1_i686.whl", hash = "sha256:7f891fe73d6b48dc74a6bce0d354e5342b6462ac464f130d5e9df97849ff39bb"},
    {file = "pyinstrument_cext-0.2.4-cp27-cp27mu-manylinux1_x86_64.whl", hash = "sha256:9a975ee1e20766c9946314594adab09f7454e69e5d49908500cf5cec3b430d32"},
    {file = "pyinstrument_cext-0.2.4-cp27-cp27mu-manylinux2010_i686.whl", hash = "sha256:0496c65daa9602d6397a57be3d8493131019db9c47b0e171933d4d7bd723142f"},
    {file = "pyinstrument_cext-0.2.4-cp27-cp27mu-manylinux2010_x86_64.whl", hash = "sha256:84c64a07dc5309ba518d2a49ad60d037a7eaeb5d369a2101059b611f3de49f22"},
    {file = "pyinstrument_cext-0.2.4-cp35-cp35m-macosx_10_9_x86_64.whl", hash = "sha256:12ff14b7612903db6649fb86915dc043c1bdae443cc0e35655675517ed7f93cf"},
    {file = "pyinstrument_cext-0.2.4-cp35-cp35m-manylinux1_i686.whl", hash = "sha256:1484d4a9087f53eb06b4a5e8be7513a19d5078367b0349dd4506eded4f274c69"},
    {file = "pyinstrument_cext-0.2.4-cp35-cp35m-manylinux1_x86_64.whl", hash = "sha256:8cb752a55ba6568a2184b6e0661a5568241f2e77b7b62ee0689bb83d22780a2b"},
    {file = "pyinstrument_cext-0.2.4-cp35-cp35m-manylinux2010_i686.whl", hash = "sha256:007bdf955d79fdc44b29bf10e21a411c600d11bbf9c4a3539ca1d94f5c9887e8"},
    {file = "pyinstrument_cext-0.2.4-cp35-cp35m-manylinux2010_x86_64.whl", hash = "sha256:1cb5ca06672951bee9f88c0758ba43110d0bb30a37225dbc1900cefccb3d7928"},
    {file = "pyinstrument_cext-0.2.4-cp35-cp35m-win32.whl", hash = "sha256:7976f462f00d4de1caaf11dfd0535dbbe8db86b4c2cc900e4b53a7b123777e73"},
    {file = "pyinstrument_cext-0.2.4-cp35-cp35m-win_amd64.whl", hash = "sha256:4e048fb074c232d3ac1de94c10a220a5ad4a7467e80074f7c79643264f6e1084"},
    {file = "pyinstrument_cext-0.2.4-cp36-cp36m-macosx_10_9_x86_64.whl", hash = "sha256:a36abcc4d05367911a84347b1702495ddbc926497c9a8a3478e228aa4865ece5"},
    {file = "pyinstrument_cext-0.2.4-cp36-cp36m-manylinux1_i686.whl", hash = "sha256:7fca6caf9591cd2e82dee5c859034b65bad1a58e231164099dbbd8c8dec8a2c1"},
    {file = "pyinstrument_cext-0.2.4-cp36-cp36m-manylinux1_x86_64.whl", hash = "sha256:c917947de242cd6aaece2740033e1cf6a214177b52632fa21163a656ed3b1ce5"},
    {file = "pyinstrument_cext-0.2.4-cp36-cp36m-manylinux2010_i686.whl", hash = "sha256:b0c6cc84f221853235f51f32dceaaa7753a9e95d47cd5820862fd1ed170a9e02"},
    {file = "pyinstrument_cext-0.2.4-cp36-cp36m-manylinux2010_x86_64.whl", hash = "sha256:ad9a268c4aade6c12146bb24fcdf80e4f014446845428f206c77327b274d7a44"},
    {file = "pyinstrument_cext-0.2.4-cp36-cp36m-win32.whl", hash = "sha256:e692afe758e6cd20f4bcb3bc0cac7ccdc67e3963d8d953ec27336614fa5d6552"},
    {file = "pyinstrument_cext-0.2.4-cp36-cp36m-win_amd64.whl", hash = "sha256:2352abfe89152050ad6637924de9d00a5e7be1173598a8322e0372d2aa1b9acf"},
    {file = "pyinstrument_cext-0.2.4-cp37-cp37m-macosx_10_9_x86_64.whl", hash = "sha256:a3c74954a4ae618e4f4fe8fc3817c6e4f97f8fe3f2991cac602314ebbae60db2"},
    {file = "pyinstrument_cext-0.2.4-cp37-cp37m-manylinux1_i686.whl", hash = "sha256:a6ee06f68c0e7fad5088c658d99b4711a8119b554940514e53239f3f24b5b1c1"},
    {file = "pyinstrument_cext-0.2.4-cp37-cp37m-manylinux1_x86_64.whl", hash = "sha256:a9a99d3ff1715f320f676c59d71b32624fd30c07b5c3fca559e042f2efe6492d"},
    {file = "pyinstrument_cext-0.2.4-cp37-cp37m-manylinux2010_i686.whl", hash = "sha256:4bbd2f99d70834a72cd1f4afdaf7150c36212e2db625add00bcdec738984acf8"},
    {file = "pyinstrument_cext-0.2.4-cp37-cp37m-manylinux2010_x86_64.whl", hash = "sha256:0f14f3d57ffeffa7f297dad14bc411463de6c1af5309abeb12ba8911c1ab91ec"},
    {file = "pyinstrument_cext-0.2.4-cp37-cp37m-win32.whl", hash = "sha256:931d8d0b5eeac63771fbef056fbe595615dab370fab2f0cc713ad2ce4b249166"},
    {file = "pyinstrument_cext-0.2.4-cp37-cp37m-win_amd64.whl", hash = "sha256:a94d60d4ceb168ce9564a95e837430f4de55faf3af7a831e644627c0ce3f3716"},
    {file = "pyinstrument_cext-0.2.4-cp38-cp38-macosx_10_9_x86_64.whl", hash = "sha256:a5ff7cb9a349f1b97d89e1ecbcfb4bc8945d8dac7372ecfb9c40270b3806e45c"},
    {file = "pyinstrument_cext-0.2.4-cp38-cp38-manylinux1_i686.whl", hash = "sha256:2ed6a661fc0626f6e29929b4ef7ec8d8e90ce1874fa5fe046b57949a09c47f45"},
    {file = "pyinstrument_cext-0.2.4-cp38-cp38-manylinux1_x86_64.whl", hash = "sha256:de6584e4ec0ec3fb7f6340c7ab02944b2d6eaff4bfbd0202badf17fc0b5d0dea"},
    {file = "pyinstrument_cext-0.2.4-cp38-cp38-manylinux2010_i686.whl", hash = "sha256:6a0dda3b9daca75646d4bcfbfb45c1ce97dab77c1beaa1e53289149519da6384"},
    {file = "pyinstrument_cext-0.2.4-cp38-cp38-manylinux2010_x86_64.whl", hash = "sha256:ca1e78c35cf187db0aaa1492cfd8d64d28195953d591cd5c43ab4bf68086433d"},
    {file = "pyinstrument_cext-0.2.4-cp38-cp38-win32.whl", hash = "sha256:6ee514618d88e66f44878dd52c52f6060ceaf06b74892ceb67a11b3670cf7117"},
    {file = "pyinstrument_cext-0.2.4-cp38-cp38-win_amd64.whl", hash = "sha256:77856dbe676a379eab84ea9a3b02fcffeeb7775d5085b3960f3ec215c4ce4126"},
    {file = "pyinstrument_cext-0.2.4-cp39-cp39-macosx_10_9_universal2.whl", hash = "sha256:f21cd1a16aee568246b53793cc4647ea717d1412f5d9ca08fd4d36d4230a702b"},
    {file = "pyinstrument_cext-0.2.4-cp39-cp39-macosx_10_9_x86_64.whl", hash = "sha256:0d5d7d24e4f1ea965b9e0d5a41da8ea0aa5231519a161052e1eda26750f5cb78"},
    {file = "pyinstrument_cext-0.2.4-cp39-cp39-manylinux1_i686.whl", hash = "sha256:fca2bb43ca64ce7802acb0fd59a64e519362419592b596dd573c09c5434ced7a"},
    {file = "pyinstrument_cext-0.2.4-cp39-cp39-manylinux1_x86_64.whl", hash = "sha256:39599fc80c4e64e12b1866582fbe92e31d7b0bd74a6a76b9a2e1a9341335960b"},
    {file = "pyinstrument_cext-0.2.4-cp39-cp39-manylinux2010_i686.whl", hash = "sha256:efcb68318c5a36ac9780f5481f4ac0b1e0e449b4033b9366d4c85bea3343d3b1"},
    {file = "pyinstrument_cext-0.2.4-cp39-cp39-manylinux2010_x86_64.whl", hash = "sha256:486d94fca17aa7d2eb36033859a3e75102ea28e98fa8ca37ce044f348ca30656"},
    {file = "pyinstrument_cext-0.2.4-cp39-cp39-win32.whl", hash = "sha256:59f3b50cc6754e6e96c829aa8fd8c4675cd53a45036934818a6a2722009b49c4"},
    {file = "pyinstrument_cext-0.2.4-cp39-cp39-win_amd64.whl", hash = "sha256:fe611732306651d0a10e99bbd1f174d4e0a0572b68b74f0673a5665146507a26"},
    {file = "pyinstrument_cext-0.2.4.tar.gz", hash = "sha256:79b29797209eebd441a8596accfa8b617445d9252fbf7ce75d3a4a0eb46cb877"},
]
pyparsing = [
    {file = "pyparsing-2.4.7-py2.py3-none-any.whl", hash = "sha256:ef9d7589ef3c200abe66653d3f1ab1033c3c419ae9b9bdb1240a85b024efc88b"},
    {file = "pyparsing-2.4.7.tar.gz", hash = "sha256:c203ec8783bf771a155b207279b9bccb8dea02d8f0c9e5f8ead507bc3246ecc1"},
]
pyprof2calltree = [
    {file = "pyprof2calltree-1.4.5.tar.gz", hash = "sha256:a635672ff31677486350b2be9a823ef92f740e6354a6aeda8fa4a8a3768e8f2f"},
]
pytest = [
    {file = "pytest-6.2.4-py3-none-any.whl", hash = "sha256:91ef2131a9bd6be8f76f1f08eac5c5317221d6ad1e143ae03894b862e8976890"},
    {file = "pytest-6.2.4.tar.gz", hash = "sha256:50bcad0a0b9c5a72c8e4e7c9855a3ad496ca6a881a3641b4260605450772c54b"},
]
pytest-datadir = [
    {file = "pytest-datadir-1.3.1.tar.gz", hash = "sha256:d3af1e738df87515ee509d6135780f25a15959766d9c2b2dbe02bf4fb979cb18"},
    {file = "pytest_datadir-1.3.1-py2.py3-none-any.whl", hash = "sha256:1847ed0efe0bc54cac40ab3fba6d651c2f03d18dd01f2a582979604d32e7621e"},
]
pytest-mock = [
    {file = "pytest-mock-3.6.1.tar.gz", hash = "sha256:40217a058c52a63f1042f0784f62009e976ba824c418cced42e88d5f40ab0e62"},
    {file = "pytest_mock-3.6.1-py3-none-any.whl", hash = "sha256:30c2f2cc9759e76eee674b81ea28c9f0b94f8f0445a1b87762cadf774f0df7e3"},
]
toml = [
    {file = "toml-0.10.2-py2.py3-none-any.whl", hash = "sha256:806143ae5bfb6a3c6e736a764057db0e6a0e05e338b5630894a5f779cabb4f9b"},
    {file = "toml-0.10.2.tar.gz", hash = "sha256:b3bda1d108d5dd99f4a20d24d9c348e91c4db7ab1b749200bded2f839ccbe68f"},
]
yappi = [
    {file = "yappi-1.3.2.tar.gz", hash = "sha256:a51d3e6e5563cc74b5bb82ed6e7bd44a9c1a7eae3d97e4d52e9465edb3a8da8d"},
]
